
Microsoft Visual Studio Solution File, Format Version 12.00
# Visual Studio Version 16
VisualStudioVersion = 16.0.31321.278
MinimumVisualStudioVersion = 10.0.40219.1
Project("{9A19103F-16F7-4668-BE54-9A1E7A4F7556}") = "SharpLib", "SharpLib\SharpLib.csproj", "{DF7F7EEB-01AC-4D51-8D97-813AC203682F}"
EndProject
Project("{2150E333-8FDC-42A3-9474-1A3956D46DE8}") = "00 Solution Items", "00 Solution Items", "{31E3E642-813C-47C3-AF40-857F61630CEA}"
	ProjectSection(SolutionItems) = preProject
		.editorconfig = .editorconfig
	EndProjectSection
EndProject
Project("{9A19103F-16F7-4668-BE54-9A1E7A4F7556}") = "Ceras", "Ceras\src\Ceras\Ceras.csproj", "{36565A01-C76C-4B22-8464-7CCFC31D74B9}"
EndProject
Project("{9A19103F-16F7-4668-BE54-9A1E7A4F7556}") = "GenNet", "GenNet\GenNet.csproj", "{479595C5-460D-42CF-80EE-561C3A8D1013}"
EndProject
Project("{9A19103F-16F7-4668-BE54-9A1E7A4F7556}") = "GenCore", "GenCore\GenCore.csproj", "{66CB7D70-6A6B-4355-98DF-AF834AA75FA2}"
EndProject
Project("{9A19103F-16F7-4668-BE54-9A1E7A4F7556}") = "Veldrid", "veldrid\src\Veldrid\Veldrid.csproj", "{51A18E98-F6E7-474D-99CD-90430CFF0CD0}"
EndProject
Project("{9A19103F-16F7-4668-BE54-9A1E7A4F7556}") = "Veldrid.OpenGLBindings", "veldrid\src\Veldrid.OpenGLBindings\Veldrid.OpenGLBindings.csproj", "{78164544-11E6-4901-B7E4-5E2311FDD3F9}"
EndProject
Project("{9A19103F-16F7-4668-BE54-9A1E7A4F7556}") = "Veldrid.MetalBindings", "veldrid\src\Veldrid.MetalBindings\Veldrid.MetalBindings.csproj", "{60A873B2-2F4B-4060-9A58-256117FA662E}"
EndProject
Project("{2150E333-8FDC-42A3-9474-1A3956D46DE8}") = "Net", "Net", "{D809E71B-3574-467F-AC69-F36F6F3D3938}"
EndProject
Project("{2150E333-8FDC-42A3-9474-1A3956D46DE8}") = "Graphics", "Graphics", "{397E0F98-2CF6-4F64-89E4-C24CF1129627}"
EndProject
Project("{2150E333-8FDC-42A3-9474-1A3956D46DE8}") = "Core", "Core", "{F078C9E2-C470-45E3-A282-D6FD0C66F1B6}"
EndProject
Project("{9A19103F-16F7-4668-BE54-9A1E7A4F7556}") = "NetCore", "NetCore\NetCore.csproj", "{9DA133A8-8B7D-47E2-B3F3-91F383EA935E}"
EndProject
Project("{9A19103F-16F7-4668-BE54-9A1E7A4F7556}") = "CodeGeneration.Roslyn", "CodeGeneration.Roslyn\src\CodeGeneration.Roslyn\CodeGeneration.Roslyn.csproj", "{8C8F3F38-59D2-480F-9EE8-475F4CACA297}"
EndProject
Project("{9A19103F-16F7-4668-BE54-9A1E7A4F7556}") = "CodeGeneration.Roslyn.Attributes", "CodeGeneration.Roslyn\src\CodeGeneration.Roslyn.Attributes\CodeGeneration.Roslyn.Attributes.csproj", "{D9318387-AED1-42FD-B6F2-B128FE63B074}"
EndProject
Project("{9A19103F-16F7-4668-BE54-9A1E7A4F7556}") = "NeoDemo", "veldrid\src\NeoDemo\NeoDemo.csproj", "{015AAA42-E9F8-4644-AB9D-04AAB7380F65}"
EndProject
Project("{9A19103F-16F7-4668-BE54-9A1E7A4F7556}") = "Veldrid.Utilities", "veldrid\src\Veldrid.Utilities\Veldrid.Utilities.csproj", "{D58C5806-3798-46B0-95CB-C61073546B7F}"
EndProject
Global
	GlobalSection(SolutionConfigurationPlatforms) = preSolution
		Debug|Any CPU = Debug|Any CPU
		Debug|x64 = Debug|x64
		Release|Any CPU = Release|Any CPU
		Release|x64 = Release|x64
	EndGlobalSection
	GlobalSection(ProjectConfigurationPlatforms) = postSolution
		{DF7F7EEB-01AC-4D51-8D97-813AC203682F}.Debug|Any CPU.ActiveCfg = Debug|Any CPU
		{DF7F7EEB-01AC-4D51-8D97-813AC203682F}.Debug|Any CPU.Build.0 = Debug|Any CPU
		{DF7F7EEB-01AC-4D51-8D97-813AC203682F}.Debug|x64.ActiveCfg = Debug|x64
		{DF7F7EEB-01AC-4D51-8D97-813AC203682F}.Debug|x64.Build.0 = Debug|x64
		{DF7F7EEB-01AC-4D51-8D97-813AC203682F}.Release|Any CPU.ActiveCfg = Release|Any CPU
		{DF7F7EEB-01AC-4D51-8D97-813AC203682F}.Release|Any CPU.Build.0 = Release|Any CPU
		{DF7F7EEB-01AC-4D51-8D97-813AC203682F}.Release|x64.ActiveCfg = Release|x64
		{DF7F7EEB-01AC-4D51-8D97-813AC203682F}.Release|x64.Build.0 = Release|x64
		{36565A01-C76C-4B22-8464-7CCFC31D74B9}.Debug|Any CPU.ActiveCfg = Debug|Any CPU
		{36565A01-C76C-4B22-8464-7CCFC31D74B9}.Debug|Any CPU.Build.0 = Debug|Any CPU
		{36565A01-C76C-4B22-8464-7CCFC31D74B9}.Debug|x64.ActiveCfg = Debug|Any CPU
		{36565A01-C76C-4B22-8464-7CCFC31D74B9}.Debug|x64.Build.0 = Debug|Any CPU
		{36565A01-C76C-4B22-8464-7CCFC31D74B9}.Release|Any CPU.ActiveCfg = Release|Any CPU
		{36565A01-C76C-4B22-8464-7CCFC31D74B9}.Release|Any CPU.Build.0 = Release|Any CPU
		{36565A01-C76C-4B22-8464-7CCFC31D74B9}.Release|x64.ActiveCfg = Release|Any CPU
		{36565A01-C76C-4B22-8464-7CCFC31D74B9}.Release|x64.Build.0 = Release|Any CPU
		{479595C5-460D-42CF-80EE-561C3A8D1013}.Debug|Any CPU.ActiveCfg = Debug|Any CPU
		{479595C5-460D-42CF-80EE-561C3A8D1013}.Debug|Any CPU.Build.0 = Debug|Any CPU
		{479595C5-460D-42CF-80EE-561C3A8D1013}.Debug|x64.ActiveCfg = Debug|x64
		{479595C5-460D-42CF-80EE-561C3A8D1013}.Debug|x64.Build.0 = Debug|x64
		{479595C5-460D-42CF-80EE-561C3A8D1013}.Release|Any CPU.ActiveCfg = Release|Any CPU
		{479595C5-460D-42CF-80EE-561C3A8D1013}.Release|Any CPU.Build.0 = Release|Any CPU
		{479595C5-460D-42CF-80EE-561C3A8D1013}.Release|x64.ActiveCfg = Release|x64
		{479595C5-460D-42CF-80EE-561C3A8D1013}.Release|x64.Build.0 = Release|x64
		{66CB7D70-6A6B-4355-98DF-AF834AA75FA2}.Debug|Any CPU.ActiveCfg = Debug|Any CPU
		{66CB7D70-6A6B-4355-98DF-AF834AA75FA2}.Debug|Any CPU.Build.0 = Debug|Any CPU
		{66CB7D70-6A6B-4355-98DF-AF834AA75FA2}.Debug|x64.ActiveCfg = Debug|x64
		{66CB7D70-6A6B-4355-98DF-AF834AA75FA2}.Debug|x64.Build.0 = Debug|x64
		{66CB7D70-6A6B-4355-98DF-AF834AA75FA2}.Release|Any CPU.ActiveCfg = Release|Any CPU
		{66CB7D70-6A6B-4355-98DF-AF834AA75FA2}.Release|Any CPU.Build.0 = Release|Any CPU
		{66CB7D70-6A6B-4355-98DF-AF834AA75FA2}.Release|x64.ActiveCfg = Release|x64
		{66CB7D70-6A6B-4355-98DF-AF834AA75FA2}.Release|x64.Build.0 = Release|x64
		{51A18E98-F6E7-474D-99CD-90430CFF0CD0}.Debug|Any CPU.ActiveCfg = Debug|Any CPU
		{51A18E98-F6E7-474D-99CD-90430CFF0CD0}.Debug|Any CPU.Build.0 = Debug|Any CPU
		{51A18E98-F6E7-474D-99CD-90430CFF0CD0}.Debug|x64.ActiveCfg = Debug|Any CPU
		{51A18E98-F6E7-474D-99CD-90430CFF0CD0}.Debug|x64.Build.0 = Debug|Any CPU
		{51A18E98-F6E7-474D-99CD-90430CFF0CD0}.Release|Any CPU.ActiveCfg = Release|Any CPU
		{51A18E98-F6E7-474D-99CD-90430CFF0CD0}.Release|Any CPU.Build.0 = Release|Any CPU
		{51A18E98-F6E7-474D-99CD-90430CFF0CD0}.Release|x64.ActiveCfg = Release|Any CPU
		{51A18E98-F6E7-474D-99CD-90430CFF0CD0}.Release|x64.Build.0 = Release|Any CPU
		{78164544-11E6-4901-B7E4-5E2311FDD3F9}.Debug|Any CPU.ActiveCfg = Debug|Any CPU
		{78164544-11E6-4901-B7E4-5E2311FDD3F9}.Debug|Any CPU.Build.0 = Debug|Any CPU
		{78164544-11E6-4901-B7E4-5E2311FDD3F9}.Debug|x64.ActiveCfg = Debug|Any CPU
		{78164544-11E6-4901-B7E4-5E2311FDD3F9}.Debug|x64.Build.0 = Debug|Any CPU
		{78164544-11E6-4901-B7E4-5E2311FDD3F9}.Release|Any CPU.ActiveCfg = Release|Any CPU
		{78164544-11E6-4901-B7E4-5E2311FDD3F9}.Release|Any CPU.Build.0 = Release|Any CPU
		{78164544-11E6-4901-B7E4-5E2311FDD3F9}.Release|x64.ActiveCfg = Release|Any CPU
		{78164544-11E6-4901-B7E4-5E2311FDD3F9}.Release|x64.Build.0 = Release|Any CPU
		{60A873B2-2F4B-4060-9A58-256117FA662E}.Debug|Any CPU.ActiveCfg = Debug|Any CPU
		{60A873B2-2F4B-4060-9A58-256117FA662E}.Debug|Any CPU.Build.0 = Debug|Any CPU
		{60A873B2-2F4B-4060-9A58-256117FA662E}.Debug|x64.ActiveCfg = Debug|Any CPU
		{60A873B2-2F4B-4060-9A58-256117FA662E}.Debug|x64.Build.0 = Debug|Any CPU
		{60A873B2-2F4B-4060-9A58-256117FA662E}.Release|Any CPU.ActiveCfg = Release|Any CPU
		{60A873B2-2F4B-4060-9A58-256117FA662E}.Release|Any CPU.Build.0 = Release|Any CPU
		{60A873B2-2F4B-4060-9A58-256117FA662E}.Release|x64.ActiveCfg = Release|Any CPU
		{60A873B2-2F4B-4060-9A58-256117FA662E}.Release|x64.Build.0 = Release|Any CPU
		{9DA133A8-8B7D-47E2-B3F3-91F383EA935E}.Debug|Any CPU.ActiveCfg = Debug|Any CPU
		{9DA133A8-8B7D-47E2-B3F3-91F383EA935E}.Debug|Any CPU.Build.0 = Debug|Any CPU
		{9DA133A8-8B7D-47E2-B3F3-91F383EA935E}.Debug|x64.ActiveCfg = Debug|x64
		{9DA133A8-8B7D-47E2-B3F3-91F383EA935E}.Debug|x64.Build.0 = Debug|x64
		{9DA133A8-8B7D-47E2-B3F3-91F383EA935E}.Release|Any CPU.ActiveCfg = Release|Any CPU
		{9DA133A8-8B7D-47E2-B3F3-91F383EA935E}.Release|Any CPU.Build.0 = Release|Any CPU
		{9DA133A8-8B7D-47E2-B3F3-91F383EA935E}.Release|x64.ActiveCfg = Release|x64
		{9DA133A8-8B7D-47E2-B3F3-91F383EA935E}.Release|x64.Build.0 = Release|x64
		{8C8F3F38-59D2-480F-9EE8-475F4CACA297}.Debug|Any CPU.ActiveCfg = Debug|Any CPU
		{8C8F3F38-59D2-480F-9EE8-475F4CACA297}.Debug|Any CPU.Build.0 = Debug|Any CPU
		{8C8F3F38-59D2-480F-9EE8-475F4CACA297}.Debug|x64.ActiveCfg = Debug|x64
		{8C8F3F38-59D2-480F-9EE8-475F4CACA297}.Debug|x64.Build.0 = Debug|x64
		{8C8F3F38-59D2-480F-9EE8-475F4CACA297}.Release|Any CPU.ActiveCfg = Release|Any CPU
		{8C8F3F38-59D2-480F-9EE8-475F4CACA297}.Release|Any CPU.Build.0 = Release|Any CPU
		{8C8F3F38-59D2-480F-9EE8-475F4CACA297}.Release|x64.ActiveCfg = Release|x64
		{8C8F3F38-59D2-480F-9EE8-475F4CACA297}.Release|x64.Build.0 = Release|x64
		{D9318387-AED1-42FD-B6F2-B128FE63B074}.Debug|Any CPU.ActiveCfg = Debug|Any CPU
		{D9318387-AED1-42FD-B6F2-B128FE63B074}.Debug|Any CPU.Build.0 = Debug|Any CPU
		{D9318387-AED1-42FD-B6F2-B128FE63B074}.Debug|x64.ActiveCfg = Debug|x64
		{D9318387-AED1-42FD-B6F2-B128FE63B074}.Debug|x64.Build.0 = Debug|x64
		{D9318387-AED1-42FD-B6F2-B128FE63B074}.Release|Any CPU.ActiveCfg = Release|Any CPU
		{D9318387-AED1-42FD-B6F2-B128FE63B074}.Release|Any CPU.Build.0 = Release|Any CPU
		{D9318387-AED1-42FD-B6F2-B128FE63B074}.Release|x64.ActiveCfg = Release|x64
		{D9318387-AED1-42FD-B6F2-B128FE63B074}.Release|x64.Build.0 = Release|x64
		{015AAA42-E9F8-4644-AB9D-04AAB7380F65}.Debug|Any CPU.ActiveCfg = Debug|Any CPU
		{015AAA42-E9F8-4644-AB9D-04AAB7380F65}.Debug|Any CPU.Build.0 = Debug|Any CPU
		{015AAA42-E9F8-4644-AB9D-04AAB7380F65}.Debug|x64.ActiveCfg = Debug|Any CPU
		{015AAA42-E9F8-4644-AB9D-04AAB7380F65}.Debug|x64.Build.0 = Debug|Any CPU
		{015AAA42-E9F8-4644-AB9D-04AAB7380F65}.Release|Any CPU.ActiveCfg = Release|Any CPU
		{015AAA42-E9F8-4644-AB9D-04AAB7380F65}.Release|Any CPU.Build.0 = Release|Any CPU
		{015AAA42-E9F8-4644-AB9D-04AAB7380F65}.Release|x64.ActiveCfg = Release|Any CPU
		{015AAA42-E9F8-4644-AB9D-04AAB7380F65}.Release|x64.Build.0 = Release|Any CPU
		{D58C5806-3798-46B0-95CB-C61073546B7F}.Debug|Any CPU.ActiveCfg = Debug|Any CPU
		{D58C5806-3798-46B0-95CB-C61073546B7F}.Debug|Any CPU.Build.0 = Debug|Any CPU
		{D58C5806-3798-46B0-95CB-C61073546B7F}.Debug|x64.ActiveCfg = Debug|Any CPU
		{D58C5806-3798-46B0-95CB-C61073546B7F}.Debug|x64.Build.0 = Debug|Any CPU
		{D58C5806-3798-46B0-95CB-C61073546B7F}.Release|Any CPU.ActiveCfg = Release|Any CPU
		{D58C5806-3798-46B0-95CB-C61073546B7F}.Release|Any CPU.Build.0 = Release|Any CPU
		{D58C5806-3798-46B0-95CB-C61073546B7F}.Release|x64.ActiveCfg = Release|Any CPU
		{D58C5806-3798-46B0-95CB-C61073546B7F}.Release|x64.Build.0 = Release|Any CPU
	EndGlobalSection
	GlobalSection(SolutionProperties) = preSolution
		HideSolutionNode = FALSE
	EndGlobalSection
	GlobalSection(NestedProjects) = preSolution
		{DF7F7EEB-01AC-4D51-8D97-813AC203682F} = {F078C9E2-C470-45E3-A282-D6FD0C66F1B6}
		{36565A01-C76C-4B22-8464-7CCFC31D74B9} = {D809E71B-3574-467F-AC69-F36F6F3D3938}
		{479595C5-460D-42CF-80EE-561C3A8D1013} = {D809E71B-3574-467F-AC69-F36F6F3D3938}
		{66CB7D70-6A6B-4355-98DF-AF834AA75FA2} = {F078C9E2-C470-45E3-A282-D6FD0C66F1B6}
		{51A18E98-F6E7-474D-99CD-90430CFF0CD0} = {397E0F98-2CF6-4F64-89E4-C24CF1129627}
		{78164544-11E6-4901-B7E4-5E2311FDD3F9} = {397E0F98-2CF6-4F64-89E4-C24CF1129627}
		{60A873B2-2F4B-4060-9A58-256117FA662E} = {397E0F98-2CF6-4F64-89E4-C24CF1129627}
		{9DA133A8-8B7D-47E2-B3F3-91F383EA935E} = {D809E71B-3574-467F-AC69-F36F6F3D3938}
		{8C8F3F38-59D2-480F-9EE8-475F4CACA297} = {F078C9E2-C470-45E3-A282-D6FD0C66F1B6}
		{D9318387-AED1-42FD-B6F2-B128FE63B074} = {F078C9E2-C470-45E3-A282-D6FD0C66F1B6}
		{015AAA42-E9F8-4644-AB9D-04AAB7380F65} = {397E0F98-2CF6-4F64-89E4-C24CF1129627}
		{D58C5806-3798-46B0-95CB-C61073546B7F} = {397E0F98-2CF6-4F64-89E4-C24CF1129627}
	EndGlobalSection
	GlobalSection(ExtensibilityGlobals) = postSolution
		SolutionGuid = {2704C7E6-BC73-45CA-905C-57F3026E757E}
	EndGlobalSection
EndGlobal
